
Microsoft Visual Studio Solution File, Format Version 12.00
# Visual Studio Version 16
VisualStudioVersion = 16.0.31112.23
MinimumVisualStudioVersion = 10.0.40219.1
Project("{9A19103F-16F7-4668-BE54-9A1E7A4F7556}") = "UnderstandingTestingandDI", "UnderstandingTestingandDI\UnderstandingTestingandDI.csproj", "{C2278A16-C47D-407A-8878-2E7439F438A5}"
EndProject
Project("{9A19103F-16F7-4668-BE54-9A1E7A4F7556}") = "UnderstandingTestingandDI.Lib.Models", "UnderstandingTestingandDI.Lib.Models\UnderstandingTestingandDI.Lib.Models.csproj", "{FF649B69-66B3-4605-B393-0BD73B725D3C}"
EndProject
Project("{9A19103F-16F7-4668-BE54-9A1E7A4F7556}") = "UnderstandingTestingandDI.Lib.Data", "UnderstandingTestingandDI.Lib.Data\UnderstandingTestingandDI.Lib.Data.csproj", "{B92CF614-9A2D-4236-8475-A2C95CE195CD}"
EndProject
Project("{9A19103F-16F7-4668-BE54-9A1E7A4F7556}") = "UnderstandingTestingandDI.Lib.Core", "UnderstandingTestingandDI.Lib.Core\UnderstandingTestingandDI.Lib.Core.csproj", "{0A1B8100-865C-4A1D-BBA1-FD4337FA72BB}"
EndProject
Project("{9A19103F-16F7-4668-BE54-9A1E7A4F7556}") = "UnderstandingTestingandDI.Lib.Test", "UnderstandingTestingandDI.Lib.Test\UnderstandingTestingandDI.Lib.Test.csproj", "{A2975EF0-F898-4EB5-873C-E7FA81D07058}"
EndProject
Project("{FAE04EC0-301F-11D3-BF4B-00C04F79EFBC}") = "UnderstandingTestingandDI.Nunit.Test", "UnderstandingTestingandDI.Nunit.Test\UnderstandingTestingandDI.Nunit.Test.csproj", "{8FB9DCA0-A6F1-43E2-BBFA-2D371F65DB8A}"
EndProject
Global
	GlobalSection(SolutionConfigurationPlatforms) = preSolution
		Debug|Any CPU = Debug|Any CPU
		Release|Any CPU = Release|Any CPU
	EndGlobalSection
	GlobalSection(ProjectConfigurationPlatforms) = postSolution
		{C2278A16-C47D-407A-8878-2E7439F438A5}.Debug|Any CPU.ActiveCfg = Debug|Any CPU
		{C2278A16-C47D-407A-8878-2E7439F438A5}.Debug|Any CPU.Build.0 = Debug|Any CPU
		{C2278A16-C47D-407A-8878-2E7439F438A5}.Release|Any CPU.ActiveCfg = Release|Any CPU
		{C2278A16-C47D-407A-8878-2E7439F438A5}.Release|Any CPU.Build.0 = Release|Any CPU
		{FF649B69-66B3-4605-B393-0BD73B725D3C}.Debug|Any CPU.ActiveCfg = Debug|Any CPU
		{FF649B69-66B3-4605-B393-0BD73B725D3C}.Debug|Any CPU.Build.0 = Debug|Any CPU
		{FF649B69-66B3-4605-B393-0BD73B725D3C}.Release|Any CPU.ActiveCfg = Release|Any CPU
		{FF649B69-66B3-4605-B393-0BD73B725D3C}.Release|Any CPU.Build.0 = Release|Any CPU
		{B92CF614-9A2D-4236-8475-A2C95CE195CD}.Debug|Any CPU.ActiveCfg = Debug|Any CPU
		{B92CF614-9A2D-4236-8475-A2C95CE195CD}.Debug|Any CPU.Build.0 = Debug|Any CPU
		{B92CF614-9A2D-4236-8475-A2C95CE195CD}.Release|Any CPU.ActiveCfg = Release|Any CPU
		{B92CF614-9A2D-4236-8475-A2C95CE195CD}.Release|Any CPU.Build.0 = Release|Any CPU
		{0A1B8100-865C-4A1D-BBA1-FD4337FA72BB}.Debug|Any CPU.ActiveCfg = Debug|Any CPU
		{0A1B8100-865C-4A1D-BBA1-FD4337FA72BB}.Debug|Any CPU.Build.0 = Debug|Any CPU
		{0A1B8100-865C-4A1D-BBA1-FD4337FA72BB}.Release|Any CPU.ActiveCfg = Release|Any CPU
		{0A1B8100-865C-4A1D-BBA1-FD4337FA72BB}.Release|Any CPU.Build.0 = Release|Any CPU
		{A2975EF0-F898-4EB5-873C-E7FA81D07058}.Debug|Any CPU.ActiveCfg = Debug|Any CPU
		{A2975EF0-F898-4EB5-873C-E7FA81D07058}.Debug|Any CPU.Build.0 = Debug|Any CPU
		{A2975EF0-F898-4EB5-873C-E7FA81D07058}.Release|Any CPU.ActiveCfg = Release|Any CPU
		{A2975EF0-F898-4EB5-873C-E7FA81D07058}.Release|Any CPU.Build.0 = Release|Any CPU
		{8FB9DCA0-A6F1-43E2-BBFA-2D371F65DB8A}.Debug|Any CPU.ActiveCfg = Debug|Any CPU
		{8FB9DCA0-A6F1-43E2-BBFA-2D371F65DB8A}.Debug|Any CPU.Build.0 = Debug|Any CPU
		{8FB9DCA0-A6F1-43E2-BBFA-2D371F65DB8A}.Release|Any CPU.ActiveCfg = Release|Any CPU
		{8FB9DCA0-A6F1-43E2-BBFA-2D371F65DB8A}.Release|Any CPU.Build.0 = Release|Any CPU
	EndGlobalSection
	GlobalSection(SolutionProperties) = preSolution
		HideSolutionNode = FALSE
	EndGlobalSection
	GlobalSection(ExtensibilityGlobals) = postSolution
		SolutionGuid = {7229E606-DC7B-40C3-A75D-D43B34C502AC}
	EndGlobalSection
EndGlobal
